
Microsoft Visual Studio Solution File, Format Version 12.00
# Visual Studio Version 16
VisualStudioVersion = 16.0.31005.135
MinimumVisualStudioVersion = 10.0.40219.1
Project("{FAE04EC0-301F-11D3-BF4B-00C04F79EFBC}") = "P01_StudentSystem", "P01_StudentSystem\P01_StudentSystem.csproj", "{C5429C99-FB84-453C-919B-7FCD4C83E079}"
EndProject
Project("{FAE04EC0-301F-11D3-BF4B-00C04F79EFBC}") = "P01_StudentSystem.Data", "P01_StudentSystem.Data\P01_StudentSystem.Data.csproj", "{EACF4A5A-7AA5-4C2F-B5BF-A78BC4CABF5C}"
EndProject
Project("{FAE04EC0-301F-11D3-BF4B-00C04F79EFBC}") = "P01_StudentSystem.Data.Models", "P01_StudentSystem.Data.Models\P01_StudentSystem.Data.Models.csproj", "{7CE76E9D-0634-453B-A54E-19A1597CED62}"
EndProject
Global
	GlobalSection(SolutionConfigurationPlatforms) = preSolution
		Debug|Any CPU = Debug|Any CPU
		Release|Any CPU = Release|Any CPU
	EndGlobalSection
	GlobalSection(ProjectConfigurationPlatforms) = postSolution
		{C5429C99-FB84-453C-919B-7FCD4C83E079}.Debug|Any CPU.ActiveCfg = Debug|Any CPU
		{C5429C99-FB84-453C-919B-7FCD4C83E079}.Debug|Any CPU.Build.0 = Debug|Any CPU
		{C5429C99-FB84-453C-919B-7FCD4C83E079}.Release|Any CPU.ActiveCfg = Release|Any CPU
		{C5429C99-FB84-453C-919B-7FCD4C83E079}.Release|Any CPU.Build.0 = Release|Any CPU
		{EACF4A5A-7AA5-4C2F-B5BF-A78BC4CABF5C}.Debug|Any CPU.ActiveCfg = Debug|Any CPU
		{EACF4A5A-7AA5-4C2F-B5BF-A78BC4CABF5C}.Debug|Any CPU.Build.0 = Debug|Any CPU
		{EACF4A5A-7AA5-4C2F-B5BF-A78BC4CABF5C}.Release|Any CPU.ActiveCfg = Release|Any CPU
		{EACF4A5A-7AA5-4C2F-B5BF-A78BC4CABF5C}.Release|Any CPU.Build.0 = Release|Any CPU
		{7CE76E9D-0634-453B-A54E-19A1597CED62}.Debug|Any CPU.ActiveCfg = Debug|Any CPU
		{7CE76E9D-0634-453B-A54E-19A1597CED62}.Debug|Any CPU.Build.0 = Debug|Any CPU
		{7CE76E9D-0634-453B-A54E-19A1597CED62}.Release|Any CPU.ActiveCfg = Release|Any CPU
		{7CE76E9D-0634-453B-A54E-19A1597CED62}.Release|Any CPU.Build.0 = Release|Any CPU
	EndGlobalSection
	GlobalSection(SolutionProperties) = preSolution
		HideSolutionNode = FALSE
	EndGlobalSection
	GlobalSection(ExtensibilityGlobals) = postSolution
		SolutionGuid = {C7B7B7DB-E2A4-4D8E-910B-ACFAB886DDBE}
	EndGlobalSection
EndGlobal
